# This file was autogenerated by Stack.
# You should not edit this file by hand.
# For more information, please see the documentation at:
#   https://docs.haskellstack.org/en/stable/lock_files

packages:
- completed:
    name: phaser
    version: 1.0.1.0
    git: https://github.com/quickdudley/phaser.git
    pantry-tree:
      size: 855
      sha256: fda21140040d9aa58d180d342ab11ba950e395eb1d6db5f04d42dc96282cefa0
    commit: d0bc740b2b4ed6d23444a69930e4a38f44481244
  original:
    git: https://github.com/quickdudley/phaser.git
    commit: d0bc740b2b4ed6d23444a69930e4a38f44481244
snapshots:
- completed:
    size: 493124
    url: https://raw.githubusercontent.com/commercialhaskell/stackage-snapshots/master/lts/15/10.yaml
    sha256: 48bc6d1d59224a5166265ef6cdda6a512f29ecc8ef7331826312b82377e89507
  original: lts-15.10
